
Microsoft Visual Studio Solution File, Format Version 12.00
# Visual Studio Version 17
VisualStudioVersion = 17.10.35027.167
MinimumVisualStudioVersion = 10.0.40219.1
Project("{8BC9CEB8-8B4A-11D0-8D11-00A0C91BC942}") = "BubblejamSimulator", "BubblejamSimulator\BubblejamSimulator.vcxproj", "{29F5989B-AC12-452F-90ED-50BA6E68DEBB}"
EndProject
Global
	GlobalSection(SolutionConfigurationPlatforms) = preSolution
		Debug|x64 = Debug|x64
		Debug|x86 = Debug|x86
		Release|x64 = Release|x64
		Release|x86 = Release|x86
	EndGlobalSection
	GlobalSection(ProjectConfigurationPlatforms) = postSolution
		{29F5989B-AC12-452F-90ED-50BA6E68DEBB}.Debug|x64.ActiveCfg = Debug|x64
		{29F5989B-AC12-452F-90ED-50BA6E68DEBB}.Debug|x64.Build.0 = Debug|x64
		{29F5989B-AC12-452F-90ED-50BA6E68DEBB}.Debug|x86.ActiveCfg = Debug|Win32
		{29F5989B-AC12-452F-90ED-50BA6E68DEBB}.Debug|x86.Build.0 = Debug|Win32
		{29F5989B-AC12-452F-90ED-50BA6E68DEBB}.Release|x64.ActiveCfg = Release|x64
		{29F5989B-AC12-452F-90ED-50BA6E68DEBB}.Release|x64.Build.0 = Release|x64
		{29F5989B-AC12-452F-90ED-50BA6E68DEBB}.Release|x86.ActiveCfg = Release|Win32
		{29F5989B-AC12-452F-90ED-50BA6E68DEBB}.Release|x86.Build.0 = Release|Win32
	EndGlobalSection
	GlobalSection(SolutionProperties) = preSolution
		HideSolutionNode = FALSE
	EndGlobalSection
	GlobalSection(ExtensibilityGlobals) = postSolution
		SolutionGuid = {33FC8E00-8BCE-4F60-8586-DAB28879C6AA}
	EndGlobalSection
EndGlobal
